
Microsoft Visual Studio Solution File, Format Version 12.00
# Visual Studio Version 17
VisualStudioVersion = 17.14.36221.1
MinimumVisualStudioVersion = 10.0.40219.1
Project("{FAE04EC0-301F-11D3-BF4B-00C04F79EFBC}") = "SeatReservationService", "SeatReservationService\SeatReservationService.csproj", "{C42D1B3F-C0B8-4AA1-8664-60585F983F68}"
EndProject
Project("{FAE04EC0-301F-11D3-BF4B-00C04F79EFBC}") = "SeatReservation.Domain", "SeatReservation.Domain\SeatReservation.Domain.csproj", "{5F3BA742-0E41-4449-88AB-95DE76E837CE}"
EndProject
Project("{2150E333-8FDC-42A3-9474-1A3956D46DE8}") = "Solution Items", "Solution Items", "{8EC462FD-D22E-90A8-E5CE-7E832BA40C5D}"
	ProjectSection(SolutionItems) = preProject
		docker-compose.yml = docker-compose.yml
	EndProjectSection
EndProject
Project("{FAE04EC0-301F-11D3-BF4B-00C04F79EFBC}") = "SeatReservation.Infrastructure.Postgres", "SeatReservation.Infrastructure.Postgres\SeatReservation.Infrastructure.Postgres.csproj", "{D8E238A6-2C18-42D2-8704-DF351ECA3788}"
EndProject
Global
	GlobalSection(SolutionConfigurationPlatforms) = preSolution
		Debug|Any CPU = Debug|Any CPU
		Release|Any CPU = Release|Any CPU
	EndGlobalSection
	GlobalSection(ProjectConfigurationPlatforms) = postSolution
		{C42D1B3F-C0B8-4AA1-8664-60585F983F68}.Debug|Any CPU.ActiveCfg = Debug|Any CPU
		{C42D1B3F-C0B8-4AA1-8664-60585F983F68}.Debug|Any CPU.Build.0 = Debug|Any CPU
		{C42D1B3F-C0B8-4AA1-8664-60585F983F68}.Release|Any CPU.ActiveCfg = Release|Any CPU
		{C42D1B3F-C0B8-4AA1-8664-60585F983F68}.Release|Any CPU.Build.0 = Release|Any CPU
		{5F3BA742-0E41-4449-88AB-95DE76E837CE}.Debug|Any CPU.ActiveCfg = Debug|Any CPU
		{5F3BA742-0E41-4449-88AB-95DE76E837CE}.Debug|Any CPU.Build.0 = Debug|Any CPU
		{5F3BA742-0E41-4449-88AB-95DE76E837CE}.Release|Any CPU.ActiveCfg = Release|Any CPU
		{5F3BA742-0E41-4449-88AB-95DE76E837CE}.Release|Any CPU.Build.0 = Release|Any CPU
		{D8E238A6-2C18-42D2-8704-DF351ECA3788}.Debug|Any CPU.ActiveCfg = Debug|Any CPU
		{D8E238A6-2C18-42D2-8704-DF351ECA3788}.Debug|Any CPU.Build.0 = Debug|Any CPU
		{D8E238A6-2C18-42D2-8704-DF351ECA3788}.Release|Any CPU.ActiveCfg = Release|Any CPU
		{D8E238A6-2C18-42D2-8704-DF351ECA3788}.Release|Any CPU.Build.0 = Release|Any CPU
	EndGlobalSection
	GlobalSection(SolutionProperties) = preSolution
		HideSolutionNode = FALSE
	EndGlobalSection
	GlobalSection(ExtensibilityGlobals) = postSolution
		SolutionGuid = {CD320A4E-67E9-428F-94D1-CA950873C18F}
	EndGlobalSection
EndGlobal
